
Microsoft Visual Studio Solution File, Format Version 12.00
# Visual Studio Version 17
VisualStudioVersion = 17.14.36429.23
MinimumVisualStudioVersion = 10.0.40219.1
Project("{FAE04EC0-301F-11D3-BF4B-00C04F79EFBC}") = "Perfect11", "Perfect11\Perfect11.csproj", "{B77C3F94-29F7-40D8-BF81-969C1BBAD7A9}"
EndProject
Project("{FAE04EC0-301F-11D3-BF4B-00C04F79EFBC}") = "Perfect11.TweaksInterface", "Perfect11.TweaksInterface\Perfect11.TweaksInterface.csproj", "{B3F8761A-B4B2-4378-9FE8-06BBFC39FCE6}"
EndProject
Project("{FAE04EC0-301F-11D3-BF4B-00C04F79EFBC}") = "Perfect11.Inbox.UninstallOneDrive", "tweaks\Perfect11.Inbox.UninstallOneDrive\Perfect11.Inbox.UninstallOneDrive.csproj", "{AD55727D-A52C-459D-A316-3459AA80050A}"
EndProject
Project("{FAE04EC0-301F-11D3-BF4B-00C04F79EFBC}") = "Perfect11.Inbox.ManageTelemetry", "tweaks\Perfect11.Inbox.ManageTelemetry\Perfect11.Inbox.ManageTelemetry.csproj", "{2F175C96-FDBA-49D8-BE83-1998C1F75FA2}"
EndProject
Project("{FAE04EC0-301F-11D3-BF4B-00C04F79EFBC}") = "Perfect11.Inbox.DisableAds", "tweaks\Perfect11.Inbox.DisableAds\Perfect11.Inbox.DisableAds.csproj", "{0BCF623D-B134-4824-9167-2F0A39532BDD}"
EndProject
Project("{FAE04EC0-301F-11D3-BF4B-00C04F79EFBC}") = "Perfect11.Inbox.Spotlight", "tweaks\Perfect11.Inbox.Spotlight\Perfect11.Inbox.Spotlight.csproj", "{77376E26-3164-4ED7-9F85-02B3AEBFC751}"
EndProject
Project("{FAE04EC0-301F-11D3-BF4B-00C04F79EFBC}") = "Perfect11.Inbox.RemoveWindowsAI", "tweaks\Perfect11.Inbox.RemoveWindowsAI\Perfect11.Inbox.RemoveWindowsAI.csproj", "{BC3A0BBD-E076-426E-88C9-C36E1F6D3326}"
EndProject
Project("{FAE04EC0-301F-11D3-BF4B-00C04F79EFBC}") = "Perfect11.Inbox.Widgets", "tweaks\Perfect11.Inbox.Widgets\Perfect11.Inbox.Widgets.csproj", "{F77922A2-B913-400E-8789-4867FD1BB351}"
EndProject
Project("{FAE04EC0-301F-11D3-BF4B-00C04F79EFBC}") = "Perfect11.Inbox.UninstallEdge", "tweaks\Perfect11.Inbox.UninstallEdge\Perfect11.Inbox.UninstallEdge.csproj", "{A33DF785-C123-48E2-B21E-A229FC8FFB55}"
EndProject
Project("{FAE04EC0-301F-11D3-BF4B-00C04F79EFBC}") = "Perfect11.Inbox.DisableVBS", "tweaks\Perfect11.Inbox.DisableVBS\Perfect11.Inbox.DisableVBS.csproj", "{998241DA-25C9-4CB6-B893-7158A387C030}"
EndProject
Global
	GlobalSection(SolutionConfigurationPlatforms) = preSolution
		Debug|Any CPU = Debug|Any CPU
		Release|Any CPU = Release|Any CPU
	EndGlobalSection
	GlobalSection(ProjectConfigurationPlatforms) = postSolution
		{B77C3F94-29F7-40D8-BF81-969C1BBAD7A9}.Debug|Any CPU.ActiveCfg = Debug|Any CPU
		{B77C3F94-29F7-40D8-BF81-969C1BBAD7A9}.Debug|Any CPU.Build.0 = Debug|Any CPU
		{B77C3F94-29F7-40D8-BF81-969C1BBAD7A9}.Release|Any CPU.ActiveCfg = Release|Any CPU
		{B77C3F94-29F7-40D8-BF81-969C1BBAD7A9}.Release|Any CPU.Build.0 = Release|Any CPU
		{B3F8761A-B4B2-4378-9FE8-06BBFC39FCE6}.Debug|Any CPU.ActiveCfg = Debug|Any CPU
		{B3F8761A-B4B2-4378-9FE8-06BBFC39FCE6}.Debug|Any CPU.Build.0 = Debug|Any CPU
		{B3F8761A-B4B2-4378-9FE8-06BBFC39FCE6}.Release|Any CPU.ActiveCfg = Release|Any CPU
		{B3F8761A-B4B2-4378-9FE8-06BBFC39FCE6}.Release|Any CPU.Build.0 = Release|Any CPU
		{AD55727D-A52C-459D-A316-3459AA80050A}.Debug|Any CPU.ActiveCfg = Debug|Any CPU
		{AD55727D-A52C-459D-A316-3459AA80050A}.Debug|Any CPU.Build.0 = Debug|Any CPU
		{AD55727D-A52C-459D-A316-3459AA80050A}.Release|Any CPU.ActiveCfg = Release|Any CPU
		{AD55727D-A52C-459D-A316-3459AA80050A}.Release|Any CPU.Build.0 = Release|Any CPU
		{2F175C96-FDBA-49D8-BE83-1998C1F75FA2}.Debug|Any CPU.ActiveCfg = Debug|Any CPU
		{2F175C96-FDBA-49D8-BE83-1998C1F75FA2}.Debug|Any CPU.Build.0 = Debug|Any CPU
		{2F175C96-FDBA-49D8-BE83-1998C1F75FA2}.Release|Any CPU.ActiveCfg = Release|Any CPU
		{2F175C96-FDBA-49D8-BE83-1998C1F75FA2}.Release|Any CPU.Build.0 = Release|Any CPU
		{0BCF623D-B134-4824-9167-2F0A39532BDD}.Debug|Any CPU.ActiveCfg = Debug|Any CPU
		{0BCF623D-B134-4824-9167-2F0A39532BDD}.Debug|Any CPU.Build.0 = Debug|Any CPU
		{0BCF623D-B134-4824-9167-2F0A39532BDD}.Release|Any CPU.ActiveCfg = Release|Any CPU
		{0BCF623D-B134-4824-9167-2F0A39532BDD}.Release|Any CPU.Build.0 = Release|Any CPU
		{77376E26-3164-4ED7-9F85-02B3AEBFC751}.Debug|Any CPU.ActiveCfg = Debug|Any CPU
		{77376E26-3164-4ED7-9F85-02B3AEBFC751}.Debug|Any CPU.Build.0 = Debug|Any CPU
		{77376E26-3164-4ED7-9F85-02B3AEBFC751}.Release|Any CPU.ActiveCfg = Release|Any CPU
		{77376E26-3164-4ED7-9F85-02B3AEBFC751}.Release|Any CPU.Build.0 = Release|Any CPU
		{BC3A0BBD-E076-426E-88C9-C36E1F6D3326}.Debug|Any CPU.ActiveCfg = Debug|Any CPU
		{BC3A0BBD-E076-426E-88C9-C36E1F6D3326}.Debug|Any CPU.Build.0 = Debug|Any CPU
		{BC3A0BBD-E076-426E-88C9-C36E1F6D3326}.Release|Any CPU.ActiveCfg = Release|Any CPU
		{BC3A0BBD-E076-426E-88C9-C36E1F6D3326}.Release|Any CPU.Build.0 = Release|Any CPU
		{F77922A2-B913-400E-8789-4867FD1BB351}.Debug|Any CPU.ActiveCfg = Debug|Any CPU
		{F77922A2-B913-400E-8789-4867FD1BB351}.Debug|Any CPU.Build.0 = Debug|Any CPU
		{F77922A2-B913-400E-8789-4867FD1BB351}.Release|Any CPU.ActiveCfg = Release|Any CPU
		{F77922A2-B913-400E-8789-4867FD1BB351}.Release|Any CPU.Build.0 = Release|Any CPU
		{A33DF785-C123-48E2-B21E-A229FC8FFB55}.Debug|Any CPU.ActiveCfg = Debug|Any CPU
		{A33DF785-C123-48E2-B21E-A229FC8FFB55}.Debug|Any CPU.Build.0 = Debug|Any CPU
		{A33DF785-C123-48E2-B21E-A229FC8FFB55}.Release|Any CPU.ActiveCfg = Release|Any CPU
		{A33DF785-C123-48E2-B21E-A229FC8FFB55}.Release|Any CPU.Build.0 = Release|Any CPU
		{998241DA-25C9-4CB6-B893-7158A387C030}.Debug|Any CPU.ActiveCfg = Debug|Any CPU
		{998241DA-25C9-4CB6-B893-7158A387C030}.Debug|Any CPU.Build.0 = Debug|Any CPU
		{998241DA-25C9-4CB6-B893-7158A387C030}.Release|Any CPU.ActiveCfg = Release|Any CPU
		{998241DA-25C9-4CB6-B893-7158A387C030}.Release|Any CPU.Build.0 = Release|Any CPU
	EndGlobalSection
	GlobalSection(SolutionProperties) = preSolution
		HideSolutionNode = FALSE
	EndGlobalSection
	GlobalSection(ExtensibilityGlobals) = postSolution
		SolutionGuid = {BC832BCD-754C-419F-9171-9DA44B471A56}
	EndGlobalSection
EndGlobal
