
Microsoft Visual Studio Solution File, Format Version 12.00
# Visual Studio Version 17
VisualStudioVersion = 17.14.36429.23
MinimumVisualStudioVersion = 10.0.40219.1
Project("{FAE04EC0-301F-11D3-BF4B-00C04F79EFBC}") = "Perfect11", "Perfect11\Perfect11.csproj", "{B77C3F94-29F7-40D8-BF81-969C1BBAD7A9}"
EndProject
Global
	GlobalSection(SolutionConfigurationPlatforms) = preSolution
		Debug|Any CPU = Debug|Any CPU
		Release|Any CPU = Release|Any CPU
	EndGlobalSection
	GlobalSection(ProjectConfigurationPlatforms) = postSolution
		{B77C3F94-29F7-40D8-BF81-969C1BBAD7A9}.Debug|Any CPU.ActiveCfg = Debug|Any CPU
		{B77C3F94-29F7-40D8-BF81-969C1BBAD7A9}.Debug|Any CPU.Build.0 = Debug|Any CPU
		{B77C3F94-29F7-40D8-BF81-969C1BBAD7A9}.Release|Any CPU.ActiveCfg = Release|Any CPU
		{B77C3F94-29F7-40D8-BF81-969C1BBAD7A9}.Release|Any CPU.Build.0 = Release|Any CPU
	EndGlobalSection
	GlobalSection(SolutionProperties) = preSolution
		HideSolutionNode = FALSE
	EndGlobalSection
	GlobalSection(ExtensibilityGlobals) = postSolution
		SolutionGuid = {BC832BCD-754C-419F-9171-9DA44B471A56}
	EndGlobalSection
EndGlobal
